
Microsoft Visual Studio Solution File, Format Version 12.00
# Visual Studio Version 16
VisualStudioVersion = 16.0.29503.13
MinimumVisualStudioVersion = 10.0.40219.1
Project("{FAE04EC0-301F-11D3-BF4B-00C04F79EFBC}") = "WebApplication1", "WebApplication1.csproj", "{A3C2C5EE-26D5-4FFF-9782-F7EBFE174EC0}"
EndProject
Global
	GlobalSection(SolutionConfigurationPlatforms) = preSolution
		Debug|Any CPU = Debug|Any CPU
		Release|Any CPU = Release|Any CPU
	EndGlobalSection
	GlobalSection(ProjectConfigurationPlatforms) = postSolution
		{A3C2C5EE-26D5-4FFF-9782-F7EBFE174EC0}.Debug|Any CPU.ActiveCfg = Debug|Any CPU
		{A3C2C5EE-26D5-4FFF-9782-F7EBFE174EC0}.Debug|Any CPU.Build.0 = Debug|Any CPU
		{A3C2C5EE-26D5-4FFF-9782-F7EBFE174EC0}.Release|Any CPU.ActiveCfg = Release|Any CPU
		{A3C2C5EE-26D5-4FFF-9782-F7EBFE174EC0}.Release|Any CPU.Build.0 = Release|Any CPU
	EndGlobalSection
	GlobalSection(SolutionProperties) = preSolution
		HideSolutionNode = FALSE
	EndGlobalSection
	GlobalSection(ExtensibilityGlobals) = postSolution
		SolutionGuid = {85410C61-097E-495D-9E14-FE3EE8CDC592}
	EndGlobalSection
EndGlobal
