
Microsoft Visual Studio Solution File, Format Version 12.00
# Visual Studio Version 16
VisualStudioVersion = 16.0.29503.13
MinimumVisualStudioVersion = 10.0.40219.1
Project("{FAE04EC0-301F-11D3-BF4B-00C04F79EFBC}") = "task_3(web api)", "task_3(web api)\task_3(web api).csproj", "{D73182F7-3F16-43B7-BB2E-FF185C9DB489}"
EndProject
Global
	GlobalSection(SolutionConfigurationPlatforms) = preSolution
		Debug|Any CPU = Debug|Any CPU
		Release|Any CPU = Release|Any CPU
	EndGlobalSection
	GlobalSection(ProjectConfigurationPlatforms) = postSolution
		{D73182F7-3F16-43B7-BB2E-FF185C9DB489}.Debug|Any CPU.ActiveCfg = Debug|Any CPU
		{D73182F7-3F16-43B7-BB2E-FF185C9DB489}.Debug|Any CPU.Build.0 = Debug|Any CPU
		{D73182F7-3F16-43B7-BB2E-FF185C9DB489}.Release|Any CPU.ActiveCfg = Release|Any CPU
		{D73182F7-3F16-43B7-BB2E-FF185C9DB489}.Release|Any CPU.Build.0 = Release|Any CPU
	EndGlobalSection
	GlobalSection(SolutionProperties) = preSolution
		HideSolutionNode = FALSE
	EndGlobalSection
	GlobalSection(ExtensibilityGlobals) = postSolution
		SolutionGuid = {693545B7-F45A-466A-B374-CF087DB852FD}
	EndGlobalSection
EndGlobal
