
Microsoft Visual Studio Solution File, Format Version 12.00
# Visual Studio Version 16
VisualStudioVersion = 16.0.29306.81
MinimumVisualStudioVersion = 10.0.40219.1
Project("{FAE04EC0-301F-11D3-BF4B-00C04F79EFBC}") = "task_2(Book shop)", "task_2(Book shop)\task_2(Book shop).csproj", "{1E7A81A9-F197-4F22-A281-C6849C69410C}"
EndProject
Global
	GlobalSection(SolutionConfigurationPlatforms) = preSolution
		Debug|Any CPU = Debug|Any CPU
		Release|Any CPU = Release|Any CPU
	EndGlobalSection
	GlobalSection(ProjectConfigurationPlatforms) = postSolution
		{1E7A81A9-F197-4F22-A281-C6849C69410C}.Debug|Any CPU.ActiveCfg = Debug|Any CPU
		{1E7A81A9-F197-4F22-A281-C6849C69410C}.Debug|Any CPU.Build.0 = Debug|Any CPU
		{1E7A81A9-F197-4F22-A281-C6849C69410C}.Release|Any CPU.ActiveCfg = Release|Any CPU
		{1E7A81A9-F197-4F22-A281-C6849C69410C}.Release|Any CPU.Build.0 = Release|Any CPU
	EndGlobalSection
	GlobalSection(SolutionProperties) = preSolution
		HideSolutionNode = FALSE
	EndGlobalSection
	GlobalSection(ExtensibilityGlobals) = postSolution
		SolutionGuid = {0137D8DC-2E5D-4122-96CC-10E96663F1A7}
	EndGlobalSection
EndGlobal
